// !$*UTF8*$!
{
	archiveVersion = 1;
	classes = {
	};
	objectVersion = 77;
	objects = {

/* Begin PBXBuildFile section */
		A1000000000000000000F001 /* TinyTextApp.swift in Sources */ = {isa = PBXBuildFile; fileRef = A1000000000000000000E001 /* TinyTextApp.swift */; };
		A1000000000000000000F002 /* RootView.swift in Sources */ = {isa = PBXBuildFile; fileRef = A1000000000000000000E002 /* RootView.swift */; };
		A1000000000000000000F003 /* SharedStore.swift in Sources */ = {isa = PBXBuildFile; fileRef = A1000000000000000000E003 /* SharedStore.swift */; };
		A1000000000000000000F101 /* TinyTextWidget.appex in Embed Foundation Extensions */ = {isa = PBXBuildFile; fileRef = B1000000000000000000C001 /* TinyTextWidget.appex */; settings = {ATTRIBUTES = (RemoveHeadersOnCopy, ); }; };
		B1000000000000000000F001 /* TinyTextWidgetBundle.swift in Sources */ = {isa = PBXBuildFile; fileRef = B1000000000000000000E001 /* TinyTextWidgetBundle.swift */; };
		B1000000000000000000F002 /* TinyTextWidget.swift in Sources */ = {isa = PBXBuildFile; fileRef = B1000000000000000000E002 /* TinyTextWidget.swift */; };
		B1000000000000000000F003 /* SharedStore.swift in Sources */ = {isa = PBXBuildFile; fileRef = A1000000000000000000E003 /* SharedStore.swift */; };
/* End PBXBuildFile section */

/* Begin PBXCopyFilesBuildPhase section */
		A1000000000000000000B004 /* Embed Foundation Extensions */ = {
			isa = PBXCopyFilesBuildPhase;
			buildActionMask = 2147483647;
			dstPath = "";
			dstSubfolderSpec = 13;
			files = (
				A1000000000000000000F101 /* TinyTextWidget.appex in Embed Foundation Extensions */,
			);
			name = "Embed Foundation Extensions";
			runOnlyForDeploymentPostprocessing = 0;
		};
/* End PBXCopyFilesBuildPhase section */

/* Begin PBXFileReference section */
		A1000000000000000000C001 /* TinyText.app */ = {isa = PBXFileReference; explicitFileType = wrapper.application; includeInIndex = 0; path = TinyText.app; sourceTree = BUILT_PRODUCTS_DIR; };
		A1000000000000000000E001 /* TinyTextApp.swift */ = {isa = PBXFileReference; lastKnownFileType = sourcecode.swift; path = TinyTextApp.swift; sourceTree = "<group>"; };
		A1000000000000000000E002 /* RootView.swift */ = {isa = PBXFileReference; lastKnownFileType = sourcecode.swift; path = RootView.swift; sourceTree = "<group>"; };
		A1000000000000000000E003 /* SharedStore.swift */ = {isa = PBXFileReference; lastKnownFileType = sourcecode.swift; path = SharedStore.swift; sourceTree = "<group>"; };
		A1000000000000000000E009 /* TinyText.entitlements */ = {isa = PBXFileReference; lastKnownFileType = text.plist.entitlements; path = TinyText.entitlements; sourceTree = "<group>"; };
		A1000000000000000000E0B1 /* Project-Shared.xcconfig */ = {isa = PBXFileReference; lastKnownFileType = text.xcconfig; path = "Project-Shared.xcconfig"; sourceTree = "<group>"; };
		A1000000000000000000E0B2 /* Project-Debug.xcconfig */ = {isa = PBXFileReference; lastKnownFileType = text.xcconfig; path = "Project-Debug.xcconfig"; sourceTree = "<group>"; };
		A1000000000000000000E0B3 /* Project-Release.xcconfig */ = {isa = PBXFileReference; lastKnownFileType = text.xcconfig; path = "Project-Release.xcconfig"; sourceTree = "<group>"; };
		A1000000000000000000E0B4 /* TinyText-Shared.xcconfig */ = {isa = PBXFileReference; lastKnownFileType = text.xcconfig; path = "TinyText-Shared.xcconfig"; sourceTree = "<group>"; };
		A1000000000000000000E0B5 /* SharedVersion.xcconfig */ = {isa = PBXFileReference; lastKnownFileType = text.xcconfig; path = "SharedVersion.xcconfig"; sourceTree = "<group>"; };
		B1000000000000000000C001 /* TinyTextWidget.appex */ = {isa = PBXFileReference; explicitFileType = "wrapper.app-extension"; includeInIndex = 0; path = TinyTextWidget.appex; sourceTree = BUILT_PRODUCTS_DIR; };
		B1000000000000000000E001 /* TinyTextWidgetBundle.swift */ = {isa = PBXFileReference; lastKnownFileType = sourcecode.swift; path = TinyTextWidgetBundle.swift; sourceTree = "<group>"; };
		B1000000000000000000E002 /* TinyTextWidget.swift */ = {isa = PBXFileReference; lastKnownFileType = sourcecode.swift; path = TinyTextWidget.swift; sourceTree = "<group>"; };
		B1000000000000000000E009 /* TinyTextWidget.entitlements */ = {isa = PBXFileReference; lastKnownFileType = text.plist.entitlements; path = TinyTextWidget.entitlements; sourceTree = "<group>"; };
		B1000000000000000000E0B4 /* TinyTextWidget-Shared.xcconfig */ = {isa = PBXFileReference; lastKnownFileType = text.xcconfig; path = "TinyTextWidget-Shared.xcconfig"; sourceTree = "<group>"; };
/* End PBXFileReference section */

/* Begin PBXFrameworksBuildPhase section */
		A1000000000000000000B001 /* Frameworks */ = {
			isa = PBXFrameworksBuildPhase;
			buildActionMask = 2147483647;
			files = (
			);
			runOnlyForDeploymentPostprocessing = 0;
		};
		B1000000000000000000B001 /* Frameworks */ = {
			isa = PBXFrameworksBuildPhase;
			buildActionMask = 2147483647;
			files = (
			);
			runOnlyForDeploymentPostprocessing = 0;
		};
/* End PBXFrameworksBuildPhase section */

/* Begin PBXGroup section */
		A1000000000000000000A001 = {
			isa = PBXGroup;
			children = (
				A1000000000000000000A007 /* Config */,
				A1000000000000000000A002 /* App */,
				A1000000000000000000A005 /* Products */,
			);
			sourceTree = "<group>";
		};
		A1000000000000000000A007 /* Config */ = {
			isa = PBXGroup;
			children = (
				A1000000000000000000E0B5 /* SharedVersion.xcconfig */,
				A1000000000000000000E0B1 /* Project-Shared.xcconfig */,
				A1000000000000000000E0B2 /* Project-Debug.xcconfig */,
				A1000000000000000000E0B3 /* Project-Release.xcconfig */,
				A1000000000000000000E0B4 /* TinyText-Shared.xcconfig */,
				B1000000000000000000E0B4 /* TinyTextWidget-Shared.xcconfig */,
			);
			path = Config;
			sourceTree = "<group>";
		};
		A1000000000000000000A002 /* App */ = {
			isa = PBXGroup;
			children = (
				A1000000000000000000A003 /* TinyText */,
				B1000000000000000000A003 /* TinyTextWidget */,
			);
			path = App;
			sourceTree = "<group>";
		};
		A1000000000000000000A003 /* TinyText */ = {
			isa = PBXGroup;
			children = (
				A1000000000000000000E001 /* TinyTextApp.swift */,
				A1000000000000000000E002 /* RootView.swift */,
				A1000000000000000000E009 /* TinyText.entitlements */,
				A1000000000000000000A004 /* Support */,
			);
			path = TinyText;
			sourceTree = "<group>";
		};
		A1000000000000000000A004 /* Support */ = {
			isa = PBXGroup;
			children = (
				A1000000000000000000E003 /* SharedStore.swift */,
			);
			path = Support;
			sourceTree = "<group>";
		};
		A1000000000000000000A005 /* Products */ = {
			isa = PBXGroup;
			children = (
				A1000000000000000000C001 /* TinyText.app */,
				B1000000000000000000C001 /* TinyTextWidget.appex */,
			);
			name = Products;
			sourceTree = "<group>";
		};
		B1000000000000000000A003 /* TinyTextWidget */ = {
			isa = PBXGroup;
			children = (
				B1000000000000000000E001 /* TinyTextWidgetBundle.swift */,
				B1000000000000000000E002 /* TinyTextWidget.swift */,
				B1000000000000000000E009 /* TinyTextWidget.entitlements */,
			);
			path = TinyTextWidget;
			sourceTree = "<group>";
		};
/* End PBXGroup section */

/* Begin PBXNativeTarget section */
		A1000000000000000000B100 /* TinyText */ = {
			isa = PBXNativeTarget;
			buildConfigurationList = A1000000000000000000C200 /* Build configuration list for PBXNativeTarget "TinyText" */;
			buildPhases = (
				A1000000000000000000B002 /* Sources */,
				A1000000000000000000B001 /* Frameworks */,
				A1000000000000000000B003 /* Resources */,
				A1000000000000000000B004 /* Embed Foundation Extensions */,
			);
			buildRules = (
			);
			dependencies = (
				A1000000000000000000D101 /* PBXTargetDependency */,
			);
			name = TinyText;
			packageProductDependencies = (
			);
			productName = TinyText;
			productReference = A1000000000000000000C001 /* TinyText.app */;
			productType = "com.apple.product-type.application";
		};
		B1000000000000000000B100 /* TinyTextWidget */ = {
			isa = PBXNativeTarget;
			buildConfigurationList = B1000000000000000000C200 /* Build configuration list for PBXNativeTarget "TinyTextWidget" */;
			buildPhases = (
				B1000000000000000000B002 /* Sources */,
				B1000000000000000000B001 /* Frameworks */,
				B1000000000000000000B003 /* Resources */,
			);
			buildRules = (
			);
			dependencies = (
			);
			name = TinyTextWidget;
			packageProductDependencies = (
			);
			productName = TinyTextWidget;
			productReference = B1000000000000000000C001 /* TinyTextWidget.appex */;
			productType = "com.apple.product-type.app-extension";
		};
/* End PBXNativeTarget section */

/* Begin PBXProject section */
		A1000000000000000000A100 /* Project object */ = {
			isa = PBXProject;
			attributes = {
				BuildIndependentTargetsInParallel = 1;
				LastSwiftUpdateCheck = 2630;
				LastUpgradeCheck = 2630;
				TargetAttributes = {
					A1000000000000000000B100 = {
						CreatedOnToolsVersion = 26.3;
					};
					B1000000000000000000B100 = {
						CreatedOnToolsVersion = 26.3;
					};
				};
			};
			buildConfigurationList = A1000000000000000000C100 /* Build configuration list for PBXProject "TinyText" */;
			developmentRegion = en;
			hasScannedForEncodings = 0;
			knownRegions = (
				en,
				Base,
			);
			mainGroup = A1000000000000000000A001;
			minimizedProjectReferenceProxies = 1;
			preferredProjectObjectVersion = 77;
			productRefGroup = A1000000000000000000A005 /* Products */;
			projectDirPath = "";
			projectRoot = "";
			targets = (
				A1000000000000000000B100 /* TinyText */,
				B1000000000000000000B100 /* TinyTextWidget */,
			);
		};
/* End PBXProject section */

/* Begin PBXResourcesBuildPhase section */
		A1000000000000000000B003 /* Resources */ = {
			isa = PBXResourcesBuildPhase;
			buildActionMask = 2147483647;
			files = (
			);
			runOnlyForDeploymentPostprocessing = 0;
		};
		B1000000000000000000B003 /* Resources */ = {
			isa = PBXResourcesBuildPhase;
			buildActionMask = 2147483647;
			files = (
			);
			runOnlyForDeploymentPostprocessing = 0;
		};
/* End PBXResourcesBuildPhase section */

/* Begin PBXSourcesBuildPhase section */
		A1000000000000000000B002 /* Sources */ = {
			isa = PBXSourcesBuildPhase;
			buildActionMask = 2147483647;
			files = (
				A1000000000000000000F001 /* TinyTextApp.swift in Sources */,
				A1000000000000000000F002 /* RootView.swift in Sources */,
				A1000000000000000000F003 /* SharedStore.swift in Sources */,
			);
			runOnlyForDeploymentPostprocessing = 0;
		};
		B1000000000000000000B002 /* Sources */ = {
			isa = PBXSourcesBuildPhase;
			buildActionMask = 2147483647;
			files = (
				B1000000000000000000F001 /* TinyTextWidgetBundle.swift in Sources */,
				B1000000000000000000F002 /* TinyTextWidget.swift in Sources */,
				B1000000000000000000F003 /* SharedStore.swift in Sources */,
			);
			runOnlyForDeploymentPostprocessing = 0;
		};
/* End PBXSourcesBuildPhase section */

/* Begin XCBuildConfiguration section */
		A1000000000000000000C101 /* Debug */ = {
			isa = XCBuildConfiguration;
			baseConfigurationReference = A1000000000000000000E0B2 /* Project-Debug.xcconfig */;
			buildSettings = {
			};
			name = Debug;
		};
		A1000000000000000000C102 /* Release */ = {
			isa = XCBuildConfiguration;
			baseConfigurationReference = A1000000000000000000E0B3 /* Project-Release.xcconfig */;
			buildSettings = {
			};
			name = Release;
		};
		A1000000000000000000C201 /* Debug */ = {
			isa = XCBuildConfiguration;
			baseConfigurationReference = A1000000000000000000E0B4 /* TinyText-Shared.xcconfig */;
			buildSettings = {
			};
			name = Debug;
		};
		A1000000000000000000C202 /* Release */ = {
			isa = XCBuildConfiguration;
			baseConfigurationReference = A1000000000000000000E0B4 /* TinyText-Shared.xcconfig */;
			buildSettings = {
			};
			name = Release;
		};
		B1000000000000000000C201 /* Debug */ = {
			isa = XCBuildConfiguration;
			baseConfigurationReference = B1000000000000000000E0B4 /* TinyTextWidget-Shared.xcconfig */;
			buildSettings = {
			};
			name = Debug;
		};
		B1000000000000000000C202 /* Release */ = {
			isa = XCBuildConfiguration;
			baseConfigurationReference = B1000000000000000000E0B4 /* TinyTextWidget-Shared.xcconfig */;
			buildSettings = {
			};
			name = Release;
		};
/* End XCBuildConfiguration section */

/* Begin XCConfigurationList section */
		A1000000000000000000C100 /* Build configuration list for PBXProject "TinyText" */ = {
			isa = XCConfigurationList;
			buildConfigurations = (
				A1000000000000000000C101 /* Debug */,
				A1000000000000000000C102 /* Release */,
			);
			defaultConfigurationIsVisible = 0;
			defaultConfigurationName = Release;
		};
		A1000000000000000000C200 /* Build configuration list for PBXNativeTarget "TinyText" */ = {
			isa = XCConfigurationList;
			buildConfigurations = (
				A1000000000000000000C201 /* Debug */,
				A1000000000000000000C202 /* Release */,
			);
			defaultConfigurationIsVisible = 0;
			defaultConfigurationName = Release;
		};
		B1000000000000000000C200 /* Build configuration list for PBXNativeTarget "TinyTextWidget" */ = {
			isa = XCConfigurationList;
			buildConfigurations = (
				B1000000000000000000C201 /* Debug */,
				B1000000000000000000C202 /* Release */,
			);
			defaultConfigurationIsVisible = 0;
			defaultConfigurationName = Release;
		};
/* End XCConfigurationList section */

/* Begin PBXContainerItemProxy section */
		A1000000000000000000D102 /* PBXContainerItemProxy */ = {
			isa = PBXContainerItemProxy;
			containerPortal = A1000000000000000000A100 /* Project object */;
			proxyType = 1;
			remoteGlobalIDString = B1000000000000000000B100;
			remoteInfo = TinyTextWidget;
		};
/* End PBXContainerItemProxy section */

/* Begin PBXTargetDependency section */
		A1000000000000000000D101 /* PBXTargetDependency */ = {
			isa = PBXTargetDependency;
			target = B1000000000000000000B100 /* TinyTextWidget */;
			targetProxy = A1000000000000000000D102 /* PBXContainerItemProxy */;
		};
/* End PBXTargetDependency section */
	};
	rootObject = A1000000000000000000A100 /* Project object */;
}
